{
  "nodes": {
    "lingua-franca-benchmarks": {
      "flake": false,
      "locked": {
        "lastModified": 1655897482,
        "narHash": "sha256-11oLNV2uyn53i5nMBFf+LDMTbj+SvG0i6tXi/SDc8T8=",
        "owner": "lf-lang",
        "repo": "benchmarks-lingua-franca",
        "rev": "a2efd884d9f0f20d60e290023e664002ca4a7249",
        "type": "github"
      },
      "original": {
        "owner": "lf-lang",
        "repo": "benchmarks-lingua-franca",
        "type": "github"
      }
    },
    "lingua-franca-src": {
      "flake": false,
      "locked": {
        "narHash": "sha256-3vQ8jNibc5ZIDi29TT1o6PUGlZBLHh/GYjZ6AqaMv4w=",
        "type": "tarball",
        "url": "https://github.com/lf-lang/lingua-franca/releases/download/v0.2.1/lfc_0.2.1.tar.gz"
      },
      "original": {
        "type": "tarball",
        "url": "https://github.com/lf-lang/lingua-franca/releases/download/v0.2.1/lfc_0.2.1.tar.gz"
      }
    },
    "lingua-franca-tests": {
      "flake": false,
      "locked": {
        "lastModified": 1655939712,
        "narHash": "sha256-pP/0ViheABA425YyNYKKbMVbhBn/cD+Ir9n0Lri6LL0=",
        "owner": "lf-lang",
        "repo": "lingua-franca",
        "rev": "9cb9ae782940721a771793e44153a3fc85d4d321",
        "type": "github"
      },
      "original": {
        "owner": "lf-lang",
        "repo": "lingua-franca",
        "type": "github"
      }
    },
    "nixpkgs": {
      "locked": {
        "lastModified": 1655895887,
        "narHash": "sha256-AbihSVmPKFcQmaVgzNSLQ8sLAaVTTELPSzZ+/gRVfyk=",
        "owner": "NixOs",
        "repo": "nixpkgs",
        "rev": "e1e08fe28bf0588a41cd556eac40b98d2793da99",
        "type": "github"
      },
      "original": {
        "owner": "NixOs",
        "ref": "nixos-unstable",
        "repo": "nixpkgs",
        "type": "github"
      }
    },
    "reactor-cpp": {
      "flake": false,
      "locked": {
        "lastModified": 1655730047,
        "narHash": "sha256-GzqCobPjrMhzJEvugmy4ArFFjfD8oNGySSk32ZiKR+U=",
        "owner": "lf-lang",
        "repo": "reactor-cpp",
        "rev": "eebdca0cac21488cc7258c938ef6f959e000b1cc",
        "type": "github"
      },
      "original": {
        "owner": "lf-lang",
        "repo": "reactor-cpp",
        "type": "github"
      }
    },
    "root": {
      "inputs": {
        "lingua-franca-benchmarks": "lingua-franca-benchmarks",
        "lingua-franca-src": "lingua-franca-src",
        "lingua-franca-tests": "lingua-franca-tests",
        "nixpkgs": "nixpkgs",
        "reactor-cpp": "reactor-cpp",
        "utils": "utils"
      }
    },
    "utils": {
      "locked": {
        "lastModified": 1653893745,
        "narHash": "sha256-0jntwV3Z8//YwuOjzhV2sgJJPt+HY6KhU7VZUL0fKZQ=",
        "owner": "numtide",
        "repo": "flake-utils",
        "rev": "1ed9fb1935d260de5fe1c2f7ee0ebaae17ed2fa1",
        "type": "github"
      },
      "original": {
        "owner": "numtide",
        "repo": "flake-utils",
        "type": "github"
      }
    }
  },
  "root": "root",
  "version": 7
}
